# This file is automatically @generated by Cargo.
# It is not intended for manual editing.
version = 4

[[package]]
name = "dwrt-core"
version = "0.1.0"
dependencies = [
 "dwrt-ffi",
]

[[package]]
name = "dwrt-engine"
version = "0.1.0"

[[package]]
name = "dwrt-entity"
version = "0.1.0"
dependencies = [
 "dwrt-engine",
 "dwrt-memory",
]

[[package]]
name = "dwrt-ffi"
version = "0.1.0"

[[package]]
name = "dwrt-hooks"
version = "0.1.0"
dependencies = [
 "dwrt-engine",
 "dwrt-memory",
]

[[package]]
name = "dwrt-memory"
version = "0.1.0"
dependencies = [
 "dwrt-engine",
]

[[package]]
name = "dwrt-runtime"
version = "0.1.0"
dependencies = [
 "dwrt-core",
 "dwrt-ffi",
]

[[package]]
name = "dwrt-trace"
version = "0.1.0"
dependencies = [
 "dwrt-core",
 "dwrt-ffi",
]
